
Microsoft Visual Studio Solution File, Format Version 12.00
# Visual Studio Version 17
VisualStudioVersion = 17.4.33122.133
MinimumVisualStudioVersion = 10.0.40219.1
Project("{FAE04EC0-301F-11D3-BF4B-00C04F79EFBC}") = "Product Tracking Automation", "Product Tracking Automation.csproj", "{E4E5150C-1730-4BA4-A351-B936C7DFAF67}"
EndProject
Global
	GlobalSection(SolutionConfigurationPlatforms) = preSolution
		Debug|Any CPU = Debug|Any CPU
		Release|Any CPU = Release|Any CPU
	EndGlobalSection
	GlobalSection(ProjectConfigurationPlatforms) = postSolution
		{E4E5150C-1730-4BA4-A351-B936C7DFAF67}.Debug|Any CPU.ActiveCfg = Debug|Any CPU
		{E4E5150C-1730-4BA4-A351-B936C7DFAF67}.Debug|Any CPU.Build.0 = Debug|Any CPU
		{E4E5150C-1730-4BA4-A351-B936C7DFAF67}.Release|Any CPU.ActiveCfg = Release|Any CPU
		{E4E5150C-1730-4BA4-A351-B936C7DFAF67}.Release|Any CPU.Build.0 = Release|Any CPU
	EndGlobalSection
	GlobalSection(SolutionProperties) = preSolution
		HideSolutionNode = FALSE
	EndGlobalSection
	GlobalSection(ExtensibilityGlobals) = postSolution
		SolutionGuid = {4E380F2A-F70D-4BE6-A51C-A55452D3D880}
	EndGlobalSection
EndGlobal
